
Microsoft Visual Studio Solution File, Format Version 12.00
# Visual Studio Version 17
VisualStudioVersion = 17.14.37012.4 d17.14
MinimumVisualStudioVersion = 10.0.40219.1
Project("{FAE04EC0-301F-11D3-BF4B-00C04F79EFBC}") = "BTS_Technical_Test", "BTS_Technical_Test\BTS_Technical_Test.csproj", "{2FD1C95B-4452-462F-BB62-E8F0EBC6145D}"
EndProject
Global
	GlobalSection(SolutionConfigurationPlatforms) = preSolution
		Debug|Any CPU = Debug|Any CPU
		Release|Any CPU = Release|Any CPU
	EndGlobalSection
	GlobalSection(ProjectConfigurationPlatforms) = postSolution
		{2FD1C95B-4452-462F-BB62-E8F0EBC6145D}.Debug|Any CPU.ActiveCfg = Debug|Any CPU
		{2FD1C95B-4452-462F-BB62-E8F0EBC6145D}.Debug|Any CPU.Build.0 = Debug|Any CPU
		{2FD1C95B-4452-462F-BB62-E8F0EBC6145D}.Release|Any CPU.ActiveCfg = Release|Any CPU
		{2FD1C95B-4452-462F-BB62-E8F0EBC6145D}.Release|Any CPU.Build.0 = Release|Any CPU
	EndGlobalSection
	GlobalSection(SolutionProperties) = preSolution
		HideSolutionNode = FALSE
	EndGlobalSection
	GlobalSection(ExtensibilityGlobals) = postSolution
		SolutionGuid = {06B37BCC-F9BE-49F5-BFFE-C9B1808C88D3}
	EndGlobalSection
EndGlobal
